
Microsoft Visual Studio Solution File, Format Version 12.00
# Visual Studio Version 16
VisualStudioVersion = 16.0.29215.179
MinimumVisualStudioVersion = 10.0.40219.1
Project("{2150E333-8FDC-42A3-9474-1A3956D46DE8}") = "BindingLibrary", "BindingLibrary", "{EF2841C2-4C0E-4033-B4A9-971AA83826CB}"
EndProject
Project("{FAE04EC0-301F-11D3-BF4B-00C04F79EFBC}") = "XF.JiGuangPush.Sample.Android", "App\XF.JiGuangPush.Sample.Android\XF.JiGuangPush.Sample.Android.csproj", "{B6EA7D62-D1B7-4194-B748-16345663E2FE}"
EndProject
Project("{FAE04EC0-301F-11D3-BF4B-00C04F79EFBC}") = "XF.JiGuangPush.Sample.iOS", "App\XF.JiGuangPush.Sample.iOS\XF.JiGuangPush.Sample.iOS.csproj", "{4DAC24E9-E4BE-41E9-9DD9-BB2B8E8152E8}"
EndProject
Project("{9A19103F-16F7-4668-BE54-9A1E7A4F7556}") = "XF.JiGuangPush.Sample", "App\XF.JiGuangPush.Sample\XF.JiGuangPush.Sample.csproj", "{5AD521E0-370C-42E1-887C-D6B6C955994E}"
EndProject
Project("{FAE04EC0-301F-11D3-BF4B-00C04F79EFBC}") = "JiGuangPush.Binding.Droid", "BindingLibrary\JiGuang.Binding.Droid\JiGuangPush.Binding.Droid.csproj", "{8FEB213E-4984-420B-8960-E16DBAA4C82A}"
EndProject
Project("{2150E333-8FDC-42A3-9474-1A3956D46DE8}") = "App", "App", "{0A6AA59A-1F5F-4351-8108-2B0899A37335}"
EndProject
Project("{FAE04EC0-301F-11D3-BF4B-00C04F79EFBC}") = "XF.JiGuangPush.Droid", "XF.JiGuangPush.Droid\XF.JiGuangPush.Droid.csproj", "{5F9E5AEF-16B9-4BC6-A018-FB4458854F3F}"
EndProject
Project("{FAE04EC0-301F-11D3-BF4B-00C04F79EFBC}") = "XF.JiGuangPush.Shared", "XF.JiGuangPush.Shared\XF.JiGuangPush.Shared.csproj", "{FFDEBF64-FD4E-467D-96E6-BAB39B1FF1F3}"
EndProject
Global
	GlobalSection(SolutionConfigurationPlatforms) = preSolution
		Debug|Any CPU = Debug|Any CPU
		Debug|iPhone = Debug|iPhone
		Debug|iPhoneSimulator = Debug|iPhoneSimulator
		Release|Any CPU = Release|Any CPU
		Release|iPhone = Release|iPhone
		Release|iPhoneSimulator = Release|iPhoneSimulator
	EndGlobalSection
	GlobalSection(ProjectConfigurationPlatforms) = postSolution
		{B6EA7D62-D1B7-4194-B748-16345663E2FE}.Debug|Any CPU.ActiveCfg = Debug|Any CPU
		{B6EA7D62-D1B7-4194-B748-16345663E2FE}.Debug|Any CPU.Build.0 = Debug|Any CPU
		{B6EA7D62-D1B7-4194-B748-16345663E2FE}.Debug|Any CPU.Deploy.0 = Debug|Any CPU
		{B6EA7D62-D1B7-4194-B748-16345663E2FE}.Debug|iPhone.ActiveCfg = Debug|Any CPU
		{B6EA7D62-D1B7-4194-B748-16345663E2FE}.Debug|iPhone.Build.0 = Debug|Any CPU
		{B6EA7D62-D1B7-4194-B748-16345663E2FE}.Debug|iPhone.Deploy.0 = Debug|Any CPU
		{B6EA7D62-D1B7-4194-B748-16345663E2FE}.Debug|iPhoneSimulator.ActiveCfg = Debug|Any CPU
		{B6EA7D62-D1B7-4194-B748-16345663E2FE}.Debug|iPhoneSimulator.Build.0 = Debug|Any CPU
		{B6EA7D62-D1B7-4194-B748-16345663E2FE}.Debug|iPhoneSimulator.Deploy.0 = Debug|Any CPU
		{B6EA7D62-D1B7-4194-B748-16345663E2FE}.Release|Any CPU.ActiveCfg = Release|Any CPU
		{B6EA7D62-D1B7-4194-B748-16345663E2FE}.Release|Any CPU.Build.0 = Release|Any CPU
		{B6EA7D62-D1B7-4194-B748-16345663E2FE}.Release|Any CPU.Deploy.0 = Release|Any CPU
		{B6EA7D62-D1B7-4194-B748-16345663E2FE}.Release|iPhone.ActiveCfg = Release|Any CPU
		{B6EA7D62-D1B7-4194-B748-16345663E2FE}.Release|iPhone.Build.0 = Release|Any CPU
		{B6EA7D62-D1B7-4194-B748-16345663E2FE}.Release|iPhone.Deploy.0 = Release|Any CPU
		{B6EA7D62-D1B7-4194-B748-16345663E2FE}.Release|iPhoneSimulator.ActiveCfg = Release|Any CPU
		{B6EA7D62-D1B7-4194-B748-16345663E2FE}.Release|iPhoneSimulator.Build.0 = Release|Any CPU
		{B6EA7D62-D1B7-4194-B748-16345663E2FE}.Release|iPhoneSimulator.Deploy.0 = Release|Any CPU
		{4DAC24E9-E4BE-41E9-9DD9-BB2B8E8152E8}.Debug|Any CPU.ActiveCfg = Debug|iPhone
		{4DAC24E9-E4BE-41E9-9DD9-BB2B8E8152E8}.Debug|iPhone.ActiveCfg = Debug|iPhone
		{4DAC24E9-E4BE-41E9-9DD9-BB2B8E8152E8}.Debug|iPhone.Build.0 = Debug|iPhone
		{4DAC24E9-E4BE-41E9-9DD9-BB2B8E8152E8}.Debug|iPhoneSimulator.ActiveCfg = Debug|iPhoneSimulator
		{4DAC24E9-E4BE-41E9-9DD9-BB2B8E8152E8}.Debug|iPhoneSimulator.Build.0 = Debug|iPhoneSimulator
		{4DAC24E9-E4BE-41E9-9DD9-BB2B8E8152E8}.Release|Any CPU.ActiveCfg = Release|iPhone
		{4DAC24E9-E4BE-41E9-9DD9-BB2B8E8152E8}.Release|iPhone.ActiveCfg = Release|iPhone
		{4DAC24E9-E4BE-41E9-9DD9-BB2B8E8152E8}.Release|iPhone.Build.0 = Release|iPhone
		{4DAC24E9-E4BE-41E9-9DD9-BB2B8E8152E8}.Release|iPhoneSimulator.ActiveCfg = Release|iPhoneSimulator
		{4DAC24E9-E4BE-41E9-9DD9-BB2B8E8152E8}.Release|iPhoneSimulator.Build.0 = Release|iPhoneSimulator
		{5AD521E0-370C-42E1-887C-D6B6C955994E}.Debug|Any CPU.ActiveCfg = Debug|Any CPU
		{5AD521E0-370C-42E1-887C-D6B6C955994E}.Debug|Any CPU.Build.0 = Debug|Any CPU
		{5AD521E0-370C-42E1-887C-D6B6C955994E}.Debug|iPhone.ActiveCfg = Debug|Any CPU
		{5AD521E0-370C-42E1-887C-D6B6C955994E}.Debug|iPhone.Build.0 = Debug|Any CPU
		{5AD521E0-370C-42E1-887C-D6B6C955994E}.Debug|iPhoneSimulator.ActiveCfg = Debug|Any CPU
		{5AD521E0-370C-42E1-887C-D6B6C955994E}.Debug|iPhoneSimulator.Build.0 = Debug|Any CPU
		{5AD521E0-370C-42E1-887C-D6B6C955994E}.Release|Any CPU.ActiveCfg = Release|Any CPU
		{5AD521E0-370C-42E1-887C-D6B6C955994E}.Release|Any CPU.Build.0 = Release|Any CPU
		{5AD521E0-370C-42E1-887C-D6B6C955994E}.Release|iPhone.ActiveCfg = Release|Any CPU
		{5AD521E0-370C-42E1-887C-D6B6C955994E}.Release|iPhone.Build.0 = Release|Any CPU
		{5AD521E0-370C-42E1-887C-D6B6C955994E}.Release|iPhoneSimulator.ActiveCfg = Release|Any CPU
		{5AD521E0-370C-42E1-887C-D6B6C955994E}.Release|iPhoneSimulator.Build.0 = Release|Any CPU
		{8FEB213E-4984-420B-8960-E16DBAA4C82A}.Debug|Any CPU.ActiveCfg = Debug|Any CPU
		{8FEB213E-4984-420B-8960-E16DBAA4C82A}.Debug|Any CPU.Build.0 = Debug|Any CPU
		{8FEB213E-4984-420B-8960-E16DBAA4C82A}.Debug|iPhone.ActiveCfg = Debug|Any CPU
		{8FEB213E-4984-420B-8960-E16DBAA4C82A}.Debug|iPhone.Build.0 = Debug|Any CPU
		{8FEB213E-4984-420B-8960-E16DBAA4C82A}.Debug|iPhoneSimulator.ActiveCfg = Debug|Any CPU
		{8FEB213E-4984-420B-8960-E16DBAA4C82A}.Debug|iPhoneSimulator.Build.0 = Debug|Any CPU
		{8FEB213E-4984-420B-8960-E16DBAA4C82A}.Release|Any CPU.ActiveCfg = Release|Any CPU
		{8FEB213E-4984-420B-8960-E16DBAA4C82A}.Release|Any CPU.Build.0 = Release|Any CPU
		{8FEB213E-4984-420B-8960-E16DBAA4C82A}.Release|iPhone.ActiveCfg = Release|Any CPU
		{8FEB213E-4984-420B-8960-E16DBAA4C82A}.Release|iPhone.Build.0 = Release|Any CPU
		{8FEB213E-4984-420B-8960-E16DBAA4C82A}.Release|iPhoneSimulator.ActiveCfg = Release|Any CPU
		{8FEB213E-4984-420B-8960-E16DBAA4C82A}.Release|iPhoneSimulator.Build.0 = Release|Any CPU
		{5F9E5AEF-16B9-4BC6-A018-FB4458854F3F}.Debug|Any CPU.ActiveCfg = Debug|Any CPU
		{5F9E5AEF-16B9-4BC6-A018-FB4458854F3F}.Debug|Any CPU.Build.0 = Debug|Any CPU
		{5F9E5AEF-16B9-4BC6-A018-FB4458854F3F}.Debug|iPhone.ActiveCfg = Debug|Any CPU
		{5F9E5AEF-16B9-4BC6-A018-FB4458854F3F}.Debug|iPhone.Build.0 = Debug|Any CPU
		{5F9E5AEF-16B9-4BC6-A018-FB4458854F3F}.Debug|iPhoneSimulator.ActiveCfg = Debug|Any CPU
		{5F9E5AEF-16B9-4BC6-A018-FB4458854F3F}.Debug|iPhoneSimulator.Build.0 = Debug|Any CPU
		{5F9E5AEF-16B9-4BC6-A018-FB4458854F3F}.Release|Any CPU.ActiveCfg = Release|Any CPU
		{5F9E5AEF-16B9-4BC6-A018-FB4458854F3F}.Release|Any CPU.Build.0 = Release|Any CPU
		{5F9E5AEF-16B9-4BC6-A018-FB4458854F3F}.Release|iPhone.ActiveCfg = Release|Any CPU
		{5F9E5AEF-16B9-4BC6-A018-FB4458854F3F}.Release|iPhone.Build.0 = Release|Any CPU
		{5F9E5AEF-16B9-4BC6-A018-FB4458854F3F}.Release|iPhoneSimulator.ActiveCfg = Release|Any CPU
		{5F9E5AEF-16B9-4BC6-A018-FB4458854F3F}.Release|iPhoneSimulator.Build.0 = Release|Any CPU
		{FFDEBF64-FD4E-467D-96E6-BAB39B1FF1F3}.Debug|Any CPU.ActiveCfg = Debug|Any CPU
		{FFDEBF64-FD4E-467D-96E6-BAB39B1FF1F3}.Debug|Any CPU.Build.0 = Debug|Any CPU
		{FFDEBF64-FD4E-467D-96E6-BAB39B1FF1F3}.Debug|iPhone.ActiveCfg = Debug|Any CPU
		{FFDEBF64-FD4E-467D-96E6-BAB39B1FF1F3}.Debug|iPhone.Build.0 = Debug|Any CPU
		{FFDEBF64-FD4E-467D-96E6-BAB39B1FF1F3}.Debug|iPhoneSimulator.ActiveCfg = Debug|Any CPU
		{FFDEBF64-FD4E-467D-96E6-BAB39B1FF1F3}.Debug|iPhoneSimulator.Build.0 = Debug|Any CPU
		{FFDEBF64-FD4E-467D-96E6-BAB39B1FF1F3}.Release|Any CPU.ActiveCfg = Release|Any CPU
		{FFDEBF64-FD4E-467D-96E6-BAB39B1FF1F3}.Release|Any CPU.Build.0 = Release|Any CPU
		{FFDEBF64-FD4E-467D-96E6-BAB39B1FF1F3}.Release|iPhone.ActiveCfg = Release|Any CPU
		{FFDEBF64-FD4E-467D-96E6-BAB39B1FF1F3}.Release|iPhone.Build.0 = Release|Any CPU
		{FFDEBF64-FD4E-467D-96E6-BAB39B1FF1F3}.Release|iPhoneSimulator.ActiveCfg = Release|Any CPU
		{FFDEBF64-FD4E-467D-96E6-BAB39B1FF1F3}.Release|iPhoneSimulator.Build.0 = Release|Any CPU
	EndGlobalSection
	GlobalSection(SolutionProperties) = preSolution
		HideSolutionNode = FALSE
	EndGlobalSection
	GlobalSection(NestedProjects) = preSolution
		{B6EA7D62-D1B7-4194-B748-16345663E2FE} = {0A6AA59A-1F5F-4351-8108-2B0899A37335}
		{4DAC24E9-E4BE-41E9-9DD9-BB2B8E8152E8} = {0A6AA59A-1F5F-4351-8108-2B0899A37335}
		{5AD521E0-370C-42E1-887C-D6B6C955994E} = {0A6AA59A-1F5F-4351-8108-2B0899A37335}
		{8FEB213E-4984-420B-8960-E16DBAA4C82A} = {EF2841C2-4C0E-4033-B4A9-971AA83826CB}
	EndGlobalSection
	GlobalSection(ExtensibilityGlobals) = postSolution
		SolutionGuid = {04D0C3BD-15F6-44D6-BB38-FD4E9E156949}
	EndGlobalSection
EndGlobal
